
Microsoft Visual Studio Solution File, Format Version 12.00
# Visual Studio Version 17
VisualStudioVersion = 17.11.35303.130
MinimumVisualStudioVersion = 10.0.40219.1
Project("{9A19103F-16F7-4668-BE54-9A1E7A4F7556}") = "TCPNetter", "TCPNetter\TCPNetter.csproj", "{986C29DD-A962-4C2F-B555-2FBFFACD3589}"
EndProject
Project("{9A19103F-16F7-4668-BE54-9A1E7A4F7556}") = "TCPNetterServer", "TCPNetterServer\TCPNetterServer.csproj", "{21353232-6678-4510-A2DA-638BE9D523A9}"
EndProject
Project("{9A19103F-16F7-4668-BE54-9A1E7A4F7556}") = "TCPNetterControler", "TCPNetterControler\TCPNetterControler.csproj", "{CCE40823-3B96-4674-A2DF-CB4A6AB1D10B}"
EndProject
Project("{9A19103F-16F7-4668-BE54-9A1E7A4F7556}") = "TCPNetterServerGUI", "TCPNetterServerGUI\TCPNetterServerGUI.csproj", "{CE452B31-B4E8-4F3F-A8AF-CFE8671CD2C5}"
EndProject
Global
	GlobalSection(SolutionConfigurationPlatforms) = preSolution
		Debug|Any CPU = Debug|Any CPU
		Release|Any CPU = Release|Any CPU
	EndGlobalSection
	GlobalSection(ProjectConfigurationPlatforms) = postSolution
		{986C29DD-A962-4C2F-B555-2FBFFACD3589}.Debug|Any CPU.ActiveCfg = Debug|Any CPU
		{986C29DD-A962-4C2F-B555-2FBFFACD3589}.Debug|Any CPU.Build.0 = Debug|Any CPU
		{986C29DD-A962-4C2F-B555-2FBFFACD3589}.Release|Any CPU.ActiveCfg = Release|Any CPU
		{986C29DD-A962-4C2F-B555-2FBFFACD3589}.Release|Any CPU.Build.0 = Release|Any CPU
		{21353232-6678-4510-A2DA-638BE9D523A9}.Debug|Any CPU.ActiveCfg = Debug|Any CPU
		{21353232-6678-4510-A2DA-638BE9D523A9}.Debug|Any CPU.Build.0 = Debug|Any CPU
		{21353232-6678-4510-A2DA-638BE9D523A9}.Release|Any CPU.ActiveCfg = Release|Any CPU
		{21353232-6678-4510-A2DA-638BE9D523A9}.Release|Any CPU.Build.0 = Release|Any CPU
		{CCE40823-3B96-4674-A2DF-CB4A6AB1D10B}.Debug|Any CPU.ActiveCfg = Debug|Any CPU
		{CCE40823-3B96-4674-A2DF-CB4A6AB1D10B}.Debug|Any CPU.Build.0 = Debug|Any CPU
		{CCE40823-3B96-4674-A2DF-CB4A6AB1D10B}.Release|Any CPU.ActiveCfg = Release|Any CPU
		{CCE40823-3B96-4674-A2DF-CB4A6AB1D10B}.Release|Any CPU.Build.0 = Release|Any CPU
		{CE452B31-B4E8-4F3F-A8AF-CFE8671CD2C5}.Debug|Any CPU.ActiveCfg = Debug|Any CPU
		{CE452B31-B4E8-4F3F-A8AF-CFE8671CD2C5}.Debug|Any CPU.Build.0 = Debug|Any CPU
		{CE452B31-B4E8-4F3F-A8AF-CFE8671CD2C5}.Release|Any CPU.ActiveCfg = Release|Any CPU
		{CE452B31-B4E8-4F3F-A8AF-CFE8671CD2C5}.Release|Any CPU.Build.0 = Release|Any CPU
	EndGlobalSection
	GlobalSection(SolutionProperties) = preSolution
		HideSolutionNode = FALSE
	EndGlobalSection
	GlobalSection(ExtensibilityGlobals) = postSolution
		SolutionGuid = {BBD726F4-9E48-4336-972E-4DD75B504B7E}
	EndGlobalSection
EndGlobal
